PODS:
  - Flutter (1.0.0)
  - Zendesk (3.7.0):
    - ZendeskSDKConversationKit (~> 11.0.0)
    - ZendeskSDKCoreUtilities (~> 6.0.0)
  - zendesk_messaging (2.29.0):
    - Flutter
    - ZendeskSDKMessaging (= 2.29.0)
  - ZendeskSDKConversationKit (11.0.0):
    - ZendeskSDKCoreUtilities (~> 6.0.0)
    - ZendeskSDKFayeClient (~> 1.12.0)
    - ZendeskSDKHTTPClient (~> 0.19.0)
    - ZendeskSDKStorage (~> 1.2.0)
  - ZendeskSDKCoreUtilities (6.0.0)
  - ZendeskSDKFayeClient (1.12.0):
    - ZendeskSDKLogger (~> 0.10.0)
    - ZendeskSDKSocketClient (~> 1.11.0)
  - ZendeskSDKGuideKit (2.2.0):
    - ZendeskSDKCoreUtilities (~> 6.0.0)
    - ZendeskSDKHTTPClient (~> 0.19.0)
    - ZendeskSDKLogger (~> 0.10.0)
    - ZendeskSDKStorage (~> 1.2.0)
  - ZendeskSDKHTTPClient (0.19.0):
    - ZendeskSDKLogger (~> 0.10.0)
  - ZendeskSDKLogger (0.10.0)
  - ZendeskSDKMessaging (2.29.0):
    - Zendesk (~> 3.7.0)
    - ZendeskSDKConversationKit (~> 11.0.0)
    - ZendeskSDKCoreUtilities (~> 6.0.0)
    - ZendeskSDKGuideKit (~> 2.2.0)
    - ZendeskSDKUIComponents (~> 13.0.0)
  - ZendeskSDKSocketClient (1.11.0):
    - ZendeskSDKLogger (~> 0.10.0)
  - ZendeskSDKStorage (1.2.0):
    - ZendeskSDKLogger (~> 0.10.0)
  - ZendeskSDKUIComponents (13.0.0):
    - ZendeskSDKCoreUtilities (~> 6.0.0)

DEPENDENCIES:
  - Flutter (from `Flutter`)
  - zendesk_messaging (from `.symlinks/plugins/zendesk_messaging/ios`)

SPEC REPOS:
  trunk:
    - Zendesk
    - ZendeskSDKConversationKit
    - ZendeskSDKCoreUtilities
    - ZendeskSDKFayeClient
    - ZendeskSDKGuideKit
    - ZendeskSDKHTTPClient
    - ZendeskSDKLogger
    - ZendeskSDKMessaging
    - ZendeskSDKSocketClient
    - ZendeskSDKStorage
    - ZendeskSDKUIComponents

EXTERNAL SOURCES:
  Flutter:
    :path: Flutter
  zendesk_messaging:
    :path: ".symlinks/plugins/zendesk_messaging/ios"

SPEC CHECKSUMS:
  Flutter: e0871f40cf51350855a761d2e70bf5af5b9b5de7
  Zendesk: 235efe928aa318866f3469822d27336af595aa17
  zendesk_messaging: 01b2e2893bfb699b620ed335fb91e22a947e0a8a
  ZendeskSDKConversationKit: 5a96bf464d76c1b4ea120ddee231d13ac90d70f3
  ZendeskSDKCoreUtilities: 746d96b1f40436861bc401c4dbdb513372b818c4
  ZendeskSDKFayeClient: 1d97cbce5eb44a724761368f5705f05983e3cee7
  ZendeskSDKGuideKit: aacdcd52f99963709e0284bea4e262c923a53741
  ZendeskSDKHTTPClient: 2702ffa4442678bb295974c7aa8ce6ddd01b3f68
  ZendeskSDKLogger: fe3963f7a9c3cc28d3337ce4a4f66efdfc65563c
  ZendeskSDKMessaging: ccf1baace525098e09beb3755dca0833762fb86d
  ZendeskSDKSocketClient: 7ed6cfe0af62024476fbc5142717dfd5cd8e1751
  ZendeskSDKStorage: d980dd64e2b75e06e707b7dbeb5027304d39ad75
  ZendeskSDKUIComponents: db5c688f573c813bc901f0c16697914968d35e6a

PODFILE CHECKSUM: 4e8f8b2be68aeea4c0d5beb6ff1e79fface1d048

COCOAPODS: 1.16.2
